
Microsoft Visual Studio Solution File, Format Version 12.00
# Visual Studio Version 17
VisualStudioVersion = 17.9.34714.143
MinimumVisualStudioVersion = 10.0.40219.1
Project("{9A19103F-16F7-4668-BE54-9A1E7A4F7556}") = "mongodbConnection", "mongodbConnection\mongodbConnection.csproj", "{AFBE6EBE-26FB-48CA-9D4B-C08970F2638B}"
EndProject
Global
	GlobalSection(SolutionConfigurationPlatforms) = preSolution
		Debug|Any CPU = Debug|Any CPU
		Release|Any CPU = Release|Any CPU
	EndGlobalSection
	GlobalSection(ProjectConfigurationPlatforms) = postSolution
		{AFBE6EBE-26FB-48CA-9D4B-C08970F2638B}.Debug|Any CPU.ActiveCfg = Debug|Any CPU
		{AFBE6EBE-26FB-48CA-9D4B-C08970F2638B}.Debug|Any CPU.Build.0 = Debug|Any CPU
		{AFBE6EBE-26FB-48CA-9D4B-C08970F2638B}.Release|Any CPU.ActiveCfg = Release|Any CPU
		{AFBE6EBE-26FB-48CA-9D4B-C08970F2638B}.Release|Any CPU.Build.0 = Release|Any CPU
	EndGlobalSection
	GlobalSection(SolutionProperties) = preSolution
		HideSolutionNode = FALSE
	EndGlobalSection
	GlobalSection(ExtensibilityGlobals) = postSolution
		SolutionGuid = {23570988-4210-4C14-98BD-70E9B9F33590}
	EndGlobalSection
EndGlobal
